
Microsoft Visual Studio Solution File, Format Version 12.00
# Visual Studio Version 17
VisualStudioVersion = 17.3.32922.545
MinimumVisualStudioVersion = 10.0.40219.1
Project("{9A19103F-16F7-4668-BE54-9A1E7A4F7556}") = "ChatWithBot", "ChatWithBot\ChatWithBot.csproj", "{860AAEBA-3BD3-4ABD-BB7B-19352E6EB986}"
EndProject
Project("{9A19103F-16F7-4668-BE54-9A1E7A4F7556}") = "AddUser2", "AddUser2\AddUser2.csproj", "{BE3F3366-7D94-4CD6-ADBE-21A1F2292D25}"
EndProject
Project("{FAE04EC0-301F-11D3-BF4B-00C04F79EFBC}") = "Server", "Server\Server.csproj", "{B1A0CE1F-64CD-4B03-95AC-B76C8369D980}"
EndProject
Project("{FAE04EC0-301F-11D3-BF4B-00C04F79EFBC}") = "Chat", "Chat\Chat.csproj", "{97B59F75-2CF9-4418-B48F-60B857FBFAD7}"
EndProject
Global
	GlobalSection(SolutionConfigurationPlatforms) = preSolution
		Debug|Any CPU = Debug|Any CPU
		Release|Any CPU = Release|Any CPU
	EndGlobalSection
	GlobalSection(ProjectConfigurationPlatforms) = postSolution
		{860AAEBA-3BD3-4ABD-BB7B-19352E6EB986}.Debug|Any CPU.ActiveCfg = Debug|Any CPU
		{860AAEBA-3BD3-4ABD-BB7B-19352E6EB986}.Debug|Any CPU.Build.0 = Debug|Any CPU
		{860AAEBA-3BD3-4ABD-BB7B-19352E6EB986}.Release|Any CPU.ActiveCfg = Release|Any CPU
		{860AAEBA-3BD3-4ABD-BB7B-19352E6EB986}.Release|Any CPU.Build.0 = Release|Any CPU
		{BE3F3366-7D94-4CD6-ADBE-21A1F2292D25}.Debug|Any CPU.ActiveCfg = Debug|Any CPU
		{BE3F3366-7D94-4CD6-ADBE-21A1F2292D25}.Debug|Any CPU.Build.0 = Debug|Any CPU
		{BE3F3366-7D94-4CD6-ADBE-21A1F2292D25}.Release|Any CPU.ActiveCfg = Release|Any CPU
		{BE3F3366-7D94-4CD6-ADBE-21A1F2292D25}.Release|Any CPU.Build.0 = Release|Any CPU
		{B1A0CE1F-64CD-4B03-95AC-B76C8369D980}.Debug|Any CPU.ActiveCfg = Debug|Any CPU
		{B1A0CE1F-64CD-4B03-95AC-B76C8369D980}.Debug|Any CPU.Build.0 = Debug|Any CPU
		{B1A0CE1F-64CD-4B03-95AC-B76C8369D980}.Release|Any CPU.ActiveCfg = Release|Any CPU
		{B1A0CE1F-64CD-4B03-95AC-B76C8369D980}.Release|Any CPU.Build.0 = Release|Any CPU
		{97B59F75-2CF9-4418-B48F-60B857FBFAD7}.Debug|Any CPU.ActiveCfg = Debug|Any CPU
		{97B59F75-2CF9-4418-B48F-60B857FBFAD7}.Debug|Any CPU.Build.0 = Debug|Any CPU
		{97B59F75-2CF9-4418-B48F-60B857FBFAD7}.Release|Any CPU.ActiveCfg = Release|Any CPU
		{97B59F75-2CF9-4418-B48F-60B857FBFAD7}.Release|Any CPU.Build.0 = Release|Any CPU
	EndGlobalSection
	GlobalSection(SolutionProperties) = preSolution
		HideSolutionNode = FALSE
	EndGlobalSection
	GlobalSection(ExtensibilityGlobals) = postSolution
		SolutionGuid = {72C3DDCB-EE11-4BE6-9A6C-791D717E3C1F}
	EndGlobalSection
EndGlobal
